
Microsoft Visual Studio Solution File, Format Version 12.00
# Visual Studio Version 16
VisualStudioVersion = 16.0.30717.126
MinimumVisualStudioVersion = 10.0.40219.1
Project("{FAE04EC0-301F-11D3-BF4B-00C04F79EFBC}") = "Stock_gmail", "Stock_gmail.csproj", "{D094C11A-B110-4E68-A288-68D295C5DAE7}"
EndProject
Global
	GlobalSection(SolutionConfigurationPlatforms) = preSolution
		Debug|Any CPU = Debug|Any CPU
		Release|Any CPU = Release|Any CPU
	EndGlobalSection
	GlobalSection(ProjectConfigurationPlatforms) = postSolution
		{D094C11A-B110-4E68-A288-68D295C5DAE7}.Debug|Any CPU.ActiveCfg = Debug|Any CPU
		{D094C11A-B110-4E68-A288-68D295C5DAE7}.Debug|Any CPU.Build.0 = Debug|Any CPU
		{D094C11A-B110-4E68-A288-68D295C5DAE7}.Release|Any CPU.ActiveCfg = Release|Any CPU
		{D094C11A-B110-4E68-A288-68D295C5DAE7}.Release|Any CPU.Build.0 = Release|Any CPU
	EndGlobalSection
	GlobalSection(SolutionProperties) = preSolution
		HideSolutionNode = FALSE
	EndGlobalSection
	GlobalSection(ExtensibilityGlobals) = postSolution
		SolutionGuid = {BDD63BCA-EC32-4592-90AA-1EFAF700EA09}
	EndGlobalSection
EndGlobal
